
Microsoft Visual Studio Solution File, Format Version 12.00
# Visual Studio Version 17
VisualStudioVersion = 17.4.33213.308
MinimumVisualStudioVersion = 10.0.40219.1
Project("{2150E333-8FDC-42A3-9474-1A3956D46DE8}") = "C++", "C++", "{CFE9D894-D17E-43CA-9DED-2E97BB98EC80}"
EndProject
Project("{8BC9CEB8-8B4A-11D0-8D11-00A0C91BC942}") = "barcode", "C++\barcode\barcode.vcxproj", "{1A95F3DD-4DB3-49DF-9D63-5AC54D0D7AE9}"
EndProject
Project("{8BC9CEB8-8B4A-11D0-8D11-00A0C91BC942}") = "InOut", "C++\InOut\InOut.vcxproj", "{3F0B27A1-E5C0-44B9-8689-9C8B449D5D7A}"
EndProject
Project("{2150E333-8FDC-42A3-9474-1A3956D46DE8}") = "CSharp", "CSharp", "{A8B913EC-5A5C-4F93-94A0-70D45381DE5F}"
EndProject
Project("{8BC9CEB8-8B4A-11D0-8D11-00A0C91BC942}") = "buildersrecipe", "C++\buildersrecipe\buildersrecipe.vcxproj", "{8B88949D-3E6F-4BD0-A2C8-FFE45C41AEAD}"
EndProject
Project("{8BC9CEB8-8B4A-11D0-8D11-00A0C91BC942}") = "compositedatatypes", "C++\compositedatatypes\compositedatatypes.vcxproj", "{C88E4F36-6C16-4BB6-B135-1742C35511BE}"
EndProject
Project("{2150E333-8FDC-42A3-9474-1A3956D46DE8}") = "Wrapper", "Wrapper", "{119DC057-A398-46CE-8A03-DF61125A3023}"
EndProject
Project("{2150E333-8FDC-42A3-9474-1A3956D46DE8}") = "Samples", "Samples", "{0E4CBEC2-B506-478C-843D-0B22409E37B2}"
EndProject
Project("{9A19103F-16F7-4668-BE54-9A1E7A4F7556}") = "vTools.DotNet", "CSharp\Wrapper\vTools.DotNet\vTools.DotNet.csproj", "{308A4CE5-638F-4758-AB66-6483C198A6DC}"
EndProject
Project("{FAE04EC0-301F-11D3-BF4B-00C04F79EFBC}") = "barcode", "CSharp\Samples\barcode\barcode.csproj", "{B68D66CF-E726-4268-975D-CF8A77D1097D}"
EndProject
Project("{FAE04EC0-301F-11D3-BF4B-00C04F79EFBC}") = "InOut", "CSharp\Samples\InOut\InOut.csproj", "{5B583284-43FF-4A78-AB27-8B12DCC24821}"
EndProject
Project("{2150E333-8FDC-42A3-9474-1A3956D46DE8}") = "ConverterTest", "ConverterTest", "{F2682469-121C-405F-B7EC-9CAB5D83A97E}"
EndProject
Project("{8BC9CEB8-8B4A-11D0-8D11-00A0C91BC942}") = "Converter.Wrapper", "CSharp\ConverterTest\Converter.Wrapper\Converter.Wrapper.vcxproj", "{306BB555-A806-45F0-A94D-2D9ACC9B4F44}"
EndProject
Project("{FAE04EC0-301F-11D3-BF4B-00C04F79EFBC}") = "Converter.Wrapper.Test", "CSharp\ConverterTest\Converter.Wrapper.Test\Converter.Wrapper.Test.csproj", "{E0986A29-D1F0-4DC7-9A73-55CF7DF0F4D3}"
EndProject
Project("{8BC9CEB8-8B4A-11D0-8D11-00A0C91BC942}") = "vTools.Wrapper", "CSharp\Wrapper\vTools.Wrapper\vTools.Wrapper.vcxproj", "{B8660E9A-7135-4BB8-BFE0-ABA3EE84E1DD}"
EndProject
Project("{FAE04EC0-301F-11D3-BF4B-00C04F79EFBC}") = "vTools.DotNet.Test", "CSharp\Wrapper\vTools.DotNet.Test\vTools.DotNet.Test.csproj", "{B2A94414-6D7A-499C-94ED-03BC22D713BC}"
EndProject
Project("{FAE04EC0-301F-11D3-BF4B-00C04F79EFBC}") = "MultiRecipes", "CSharp\Samples\MultiRecipes\MultiRecipes.csproj", "{F2E9DCE3-595B-4BAE-B3EE-96837A2C37E4}"
EndProject
Project("{FAE04EC0-301F-11D3-BF4B-00C04F79EFBC}") = "LoadImageWithBarcode", "CSharp\Samples\LoadImageWithBarcode\LoadImageWithBarcode.csproj", "{BAF459DA-BF03-46A0-BC6F-1D67901F7266}"
EndProject
Global
	GlobalSection(SolutionConfigurationPlatforms) = preSolution
		Debug|x64 = Debug|x64
		Release|x64 = Release|x64
	EndGlobalSection
	GlobalSection(ProjectConfigurationPlatforms) = postSolution
		{1A95F3DD-4DB3-49DF-9D63-5AC54D0D7AE9}.Debug|x64.ActiveCfg = Debug|x64
		{1A95F3DD-4DB3-49DF-9D63-5AC54D0D7AE9}.Debug|x64.Build.0 = Debug|x64
		{1A95F3DD-4DB3-49DF-9D63-5AC54D0D7AE9}.Release|x64.ActiveCfg = Release|x64
		{1A95F3DD-4DB3-49DF-9D63-5AC54D0D7AE9}.Release|x64.Build.0 = Release|x64
		{3F0B27A1-E5C0-44B9-8689-9C8B449D5D7A}.Debug|x64.ActiveCfg = Debug|x64
		{3F0B27A1-E5C0-44B9-8689-9C8B449D5D7A}.Debug|x64.Build.0 = Debug|x64
		{3F0B27A1-E5C0-44B9-8689-9C8B449D5D7A}.Release|x64.ActiveCfg = Release|x64
		{3F0B27A1-E5C0-44B9-8689-9C8B449D5D7A}.Release|x64.Build.0 = Release|x64
		{8B88949D-3E6F-4BD0-A2C8-FFE45C41AEAD}.Debug|x64.ActiveCfg = Debug|x64
		{8B88949D-3E6F-4BD0-A2C8-FFE45C41AEAD}.Debug|x64.Build.0 = Debug|x64
		{8B88949D-3E6F-4BD0-A2C8-FFE45C41AEAD}.Release|x64.ActiveCfg = Release|x64
		{8B88949D-3E6F-4BD0-A2C8-FFE45C41AEAD}.Release|x64.Build.0 = Release|x64
		{C88E4F36-6C16-4BB6-B135-1742C35511BE}.Debug|x64.ActiveCfg = Debug|x64
		{C88E4F36-6C16-4BB6-B135-1742C35511BE}.Debug|x64.Build.0 = Debug|x64
		{C88E4F36-6C16-4BB6-B135-1742C35511BE}.Release|x64.ActiveCfg = Release|x64
		{C88E4F36-6C16-4BB6-B135-1742C35511BE}.Release|x64.Build.0 = Release|x64
		{308A4CE5-638F-4758-AB66-6483C198A6DC}.Debug|x64.ActiveCfg = Debug|x64
		{308A4CE5-638F-4758-AB66-6483C198A6DC}.Debug|x64.Build.0 = Debug|x64
		{308A4CE5-638F-4758-AB66-6483C198A6DC}.Release|x64.ActiveCfg = Release|x64
		{308A4CE5-638F-4758-AB66-6483C198A6DC}.Release|x64.Build.0 = Release|x64
		{B68D66CF-E726-4268-975D-CF8A77D1097D}.Debug|x64.ActiveCfg = Debug|x64
		{B68D66CF-E726-4268-975D-CF8A77D1097D}.Debug|x64.Build.0 = Debug|x64
		{B68D66CF-E726-4268-975D-CF8A77D1097D}.Release|x64.ActiveCfg = Release|x64
		{B68D66CF-E726-4268-975D-CF8A77D1097D}.Release|x64.Build.0 = Release|x64
		{5B583284-43FF-4A78-AB27-8B12DCC24821}.Debug|x64.ActiveCfg = Debug|x64
		{5B583284-43FF-4A78-AB27-8B12DCC24821}.Debug|x64.Build.0 = Debug|x64
		{5B583284-43FF-4A78-AB27-8B12DCC24821}.Release|x64.ActiveCfg = Release|x64
		{5B583284-43FF-4A78-AB27-8B12DCC24821}.Release|x64.Build.0 = Release|x64
		{306BB555-A806-45F0-A94D-2D9ACC9B4F44}.Debug|x64.ActiveCfg = Debug|x64
		{306BB555-A806-45F0-A94D-2D9ACC9B4F44}.Debug|x64.Build.0 = Debug|x64
		{306BB555-A806-45F0-A94D-2D9ACC9B4F44}.Release|x64.ActiveCfg = Release|x64
		{306BB555-A806-45F0-A94D-2D9ACC9B4F44}.Release|x64.Build.0 = Release|x64
		{E0986A29-D1F0-4DC7-9A73-55CF7DF0F4D3}.Debug|x64.ActiveCfg = Debug|x64
		{E0986A29-D1F0-4DC7-9A73-55CF7DF0F4D3}.Debug|x64.Build.0 = Debug|x64
		{E0986A29-D1F0-4DC7-9A73-55CF7DF0F4D3}.Release|x64.ActiveCfg = Release|x64
		{E0986A29-D1F0-4DC7-9A73-55CF7DF0F4D3}.Release|x64.Build.0 = Release|x64
		{B8660E9A-7135-4BB8-BFE0-ABA3EE84E1DD}.Debug|x64.ActiveCfg = Debug|x64
		{B8660E9A-7135-4BB8-BFE0-ABA3EE84E1DD}.Debug|x64.Build.0 = Debug|x64
		{B8660E9A-7135-4BB8-BFE0-ABA3EE84E1DD}.Release|x64.ActiveCfg = Release|x64
		{B8660E9A-7135-4BB8-BFE0-ABA3EE84E1DD}.Release|x64.Build.0 = Release|x64
		{B2A94414-6D7A-499C-94ED-03BC22D713BC}.Debug|x64.ActiveCfg = Debug|x64
		{B2A94414-6D7A-499C-94ED-03BC22D713BC}.Debug|x64.Build.0 = Debug|x64
		{B2A94414-6D7A-499C-94ED-03BC22D713BC}.Release|x64.ActiveCfg = Release|x64
		{F2E9DCE3-595B-4BAE-B3EE-96837A2C37E4}.Debug|x64.ActiveCfg = Debug|x64
		{F2E9DCE3-595B-4BAE-B3EE-96837A2C37E4}.Debug|x64.Build.0 = Debug|x64
		{F2E9DCE3-595B-4BAE-B3EE-96837A2C37E4}.Release|x64.ActiveCfg = Release|x64
		{F2E9DCE3-595B-4BAE-B3EE-96837A2C37E4}.Release|x64.Build.0 = Release|x64
		{BAF459DA-BF03-46A0-BC6F-1D67901F7266}.Debug|x64.ActiveCfg = Debug|x64
		{BAF459DA-BF03-46A0-BC6F-1D67901F7266}.Debug|x64.Build.0 = Debug|x64
		{BAF459DA-BF03-46A0-BC6F-1D67901F7266}.Release|x64.ActiveCfg = Release|x64
	EndGlobalSection
	GlobalSection(SolutionProperties) = preSolution
		HideSolutionNode = FALSE
	EndGlobalSection
	GlobalSection(NestedProjects) = preSolution
		{1A95F3DD-4DB3-49DF-9D63-5AC54D0D7AE9} = {CFE9D894-D17E-43CA-9DED-2E97BB98EC80}
		{3F0B27A1-E5C0-44B9-8689-9C8B449D5D7A} = {CFE9D894-D17E-43CA-9DED-2E97BB98EC80}
		{8B88949D-3E6F-4BD0-A2C8-FFE45C41AEAD} = {CFE9D894-D17E-43CA-9DED-2E97BB98EC80}
		{C88E4F36-6C16-4BB6-B135-1742C35511BE} = {CFE9D894-D17E-43CA-9DED-2E97BB98EC80}
		{119DC057-A398-46CE-8A03-DF61125A3023} = {A8B913EC-5A5C-4F93-94A0-70D45381DE5F}
		{0E4CBEC2-B506-478C-843D-0B22409E37B2} = {A8B913EC-5A5C-4F93-94A0-70D45381DE5F}
		{308A4CE5-638F-4758-AB66-6483C198A6DC} = {119DC057-A398-46CE-8A03-DF61125A3023}
		{B68D66CF-E726-4268-975D-CF8A77D1097D} = {0E4CBEC2-B506-478C-843D-0B22409E37B2}
		{5B583284-43FF-4A78-AB27-8B12DCC24821} = {0E4CBEC2-B506-478C-843D-0B22409E37B2}
		{F2682469-121C-405F-B7EC-9CAB5D83A97E} = {A8B913EC-5A5C-4F93-94A0-70D45381DE5F}
		{306BB555-A806-45F0-A94D-2D9ACC9B4F44} = {F2682469-121C-405F-B7EC-9CAB5D83A97E}
		{E0986A29-D1F0-4DC7-9A73-55CF7DF0F4D3} = {F2682469-121C-405F-B7EC-9CAB5D83A97E}
		{B8660E9A-7135-4BB8-BFE0-ABA3EE84E1DD} = {119DC057-A398-46CE-8A03-DF61125A3023}
		{B2A94414-6D7A-499C-94ED-03BC22D713BC} = {119DC057-A398-46CE-8A03-DF61125A3023}
		{F2E9DCE3-595B-4BAE-B3EE-96837A2C37E4} = {0E4CBEC2-B506-478C-843D-0B22409E37B2}
		{BAF459DA-BF03-46A0-BC6F-1D67901F7266} = {0E4CBEC2-B506-478C-843D-0B22409E37B2}
	EndGlobalSection
	GlobalSection(ExtensibilityGlobals) = postSolution
		SolutionGuid = {643B9A8B-BB72-444A-846B-3CE4FADD3C72}
	EndGlobalSection
EndGlobal
